
Microsoft Visual Studio Solution File, Format Version 11.00
# Visual Studio 2010
Project("{FAE04EC0-301F-11D3-BF4B-00C04F79EFBC}") = "Assembly-CSharp", "Assembly-CSharp.csproj", "{af075547-68e3-f242-3bad-298937fa7774}"
EndProject
Project("{FAE04EC0-301F-11D3-BF4B-00C04F79EFBC}") = "Assembly-CSharp-Editor", "Assembly-CSharp-Editor.csproj", "{57d96158-f32f-bcfb-7c74-459a8bbb5e52}"
EndProject
Global
	GlobalSection(SolutionConfigurationPlatforms) = preSolution
		Debug|Any CPU = Debug|Any CPU
	EndGlobalSection
	GlobalSection(ProjectConfigurationPlatforms) = postSolution
		{af075547-68e3-f242-3bad-298937fa7774}.Debug|Any CPU.ActiveCfg = Debug|Any CPU
		{af075547-68e3-f242-3bad-298937fa7774}.Debug|Any CPU.Build.0 = Debug|Any CPU
		{57d96158-f32f-bcfb-7c74-459a8bbb5e52}.Debug|Any CPU.ActiveCfg = Debug|Any CPU
		{57d96158-f32f-bcfb-7c74-459a8bbb5e52}.Debug|Any CPU.Build.0 = Debug|Any CPU
	EndGlobalSection
	GlobalSection(SolutionProperties) = preSolution
		HideSolutionNode = FALSE
	EndGlobalSection
EndGlobal
